
Microsoft Visual Studio Solution File, Format Version 12.00
# Visual Studio Version 17
VisualStudioVersion = 17.10.35027.167
MinimumVisualStudioVersion = 10.0.40219.1
Project("{FAE04EC0-301F-11D3-BF4B-00C04F79EFBC}") = "PokemonASP", "PokemonASP\PokemonASP.csproj", "{F568E80C-9961-472B-8A96-8061091F553D}"
EndProject
Global
	GlobalSection(SolutionConfigurationPlatforms) = preSolution
		Debug|Any CPU = Debug|Any CPU
		Release|Any CPU = Release|Any CPU
	EndGlobalSection
	GlobalSection(ProjectConfigurationPlatforms) = postSolution
		{F568E80C-9961-472B-8A96-8061091F553D}.Debug|Any CPU.ActiveCfg = Debug|Any CPU
		{F568E80C-9961-472B-8A96-8061091F553D}.Debug|Any CPU.Build.0 = Debug|Any CPU
		{F568E80C-9961-472B-8A96-8061091F553D}.Release|Any CPU.ActiveCfg = Release|Any CPU
		{F568E80C-9961-472B-8A96-8061091F553D}.Release|Any CPU.Build.0 = Release|Any CPU
	EndGlobalSection
	GlobalSection(SolutionProperties) = preSolution
		HideSolutionNode = FALSE
	EndGlobalSection
	GlobalSection(ExtensibilityGlobals) = postSolution
		SolutionGuid = {A79A85E8-55FC-4178-A3CB-9B818AB75204}
	EndGlobalSection
EndGlobal
